
Microsoft Visual Studio Solution File, Format Version 12.00
# Visual Studio Version 17
VisualStudioVersion = 17.8.34309.116
MinimumVisualStudioVersion = 10.0.40219.1
Project("{FAE04EC0-301F-11D3-BF4B-00C04F79EFBC}") = "pensioner", "pensioner\pensioner.csproj", "{E3424F7D-2831-4B11-B814-B7A1463F2581}"
EndProject
Global
	GlobalSection(SolutionConfigurationPlatforms) = preSolution
		Debug|Any CPU = Debug|Any CPU
		Release|Any CPU = Release|Any CPU
	EndGlobalSection
	GlobalSection(ProjectConfigurationPlatforms) = postSolution
		{E3424F7D-2831-4B11-B814-B7A1463F2581}.Debug|Any CPU.ActiveCfg = Debug|Any CPU
		{E3424F7D-2831-4B11-B814-B7A1463F2581}.Debug|Any CPU.Build.0 = Debug|Any CPU
		{E3424F7D-2831-4B11-B814-B7A1463F2581}.Release|Any CPU.ActiveCfg = Release|Any CPU
		{E3424F7D-2831-4B11-B814-B7A1463F2581}.Release|Any CPU.Build.0 = Release|Any CPU
	EndGlobalSection
	GlobalSection(SolutionProperties) = preSolution
		HideSolutionNode = FALSE
	EndGlobalSection
	GlobalSection(ExtensibilityGlobals) = postSolution
		SolutionGuid = {223B46A4-5F64-4958-98F9-70EBDE4E1675}
	EndGlobalSection
EndGlobal
